{
  "version": "5",
  "specifiers": {
    "jsr:@logtape/logtape@~0.7.2": "0.7.2",
    "npm:@casl/ability@^6.7.1": "6.7.3",
    "npm:@hocuspocus/server@^2.15.2": "2.15.3_y-protocols@1.0.6__yjs@13.6.27_yjs@13.6.27",
    "npm:@hono/zod-validator@0.4": "0.4.3_hono@4.9.0_zod@3.24.4",
    "npm:hono-openapi@~0.4.8": "0.4.8_@hono+zod-validator@0.4.3__hono@4.9.0__zod@3.24.4_hono@4.9.0_openapi-types@12.1.3_zod@3.24.4_zod-openapi@4.2.4__zod@3.24.4",
    "npm:hono@^4.7.2": "4.9.0",
    "npm:lucia@^3.2.1": "3.2.2",
    "npm:pg@*": "8.16.3",
    "npm:pg@^8.11.3": "8.16.3",
    "npm:y-protocols@^1.0.6": "1.0.6_yjs@13.6.27",
    "npm:yjs@^13.6.23": "13.6.27",
    "npm:zod-openapi@4": "4.2.4_zod@3.24.4",
    "npm:zod@^3.22.4": "3.24.4"
  },
  "jsr": {
    "@logtape/logtape@0.7.2": {
      "integrity": "01902b6b77cf7bab321603365f35dad3d50396e67013b6e2d5691b6778ed353f"
    }
  },
  "npm": {
    "@apidevtools/json-schema-ref-parser@11.9.3": {
      "integrity": "sha512-60vepv88RwcJtSHrD6MjIL6Ta3SOYbgfnkHb+ppAVK+o9mXprRtulx7VlRl3lN3bbvysAfCS7WMVfhUYemB0IQ==",
      "dependencies": [
        "@jsdevtools/ono",
        "@types/json-schema",
        "js-yaml"
      ]
    },
    "@casl/ability@6.7.3": {
      "integrity": "sha512-A4L28Ko+phJAsTDhRjzCOZWECQWN2jzZnJPnROWWHjJpyMq1h7h9ZqjwS2WbIUa3Z474X1ZPSgW0f1PboZGC0A==",
      "dependencies": [
        "@ucast/mongo2js"
      ]
    },
    "@emnapi/core@1.4.5": {
      "integrity": "sha512-XsLw1dEOpkSX/WucdqUhPWP7hDxSvZiY+fsUC14h+FtQ2Ifni4znbBt8punRX+Uj2JG/uDb8nEHVKvrVlvdZ5Q==",
      "dependencies": [
        "@emnapi/wasi-threads",
        "tslib"
      ]
    },
    "@emnapi/runtime@1.4.5": {
      "integrity": "sha512-++LApOtY0pEEz1zrd9vy1/zXVaVJJ/EbAF3u0fXIzPJEDtnITsBGbbK0EkM72amhl/R5b+5xx0Y/QhcVOpuulg==",
      "dependencies": [
        "tslib"
      ]
    },
    "@emnapi/wasi-threads@1.0.4": {
      "integrity": "sha512-PJR+bOmMOPH8AtcTGAyYNiuJ3/Fcoj2XN/gBEWzDIKh254XO+mM9XoXHk5GNEhodxeMznbg7BlRojVbKN+gC6g==",
      "dependencies": [
        "tslib"
      ]
    },
    "@hocuspocus/common@2.15.3": {
      "integrity": "sha512-Rzh1HF0a2o/tf90A3w2XNdXd9Ym3aQzMDfD3lAUONCX9B9QOdqdyiORrj6M25QEaJrEIbXFy8LtAFcL0wRdWzA==",
      "dependencies": [
        "lib0"
      ]
    },
    "@hocuspocus/server@2.15.3_y-protocols@1.0.6__yjs@13.6.27_yjs@13.6.27": {
      "integrity": "sha512-Ju4ty4/7JtmvivcP7gKReOLf8KrFwN7Yx/5VhXYh4TRULy4kSo2fsDVUaluPp0neZa6PbVhizJuzlOim73IEbQ==",
      "dependencies": [
        "@hocuspocus/common",
        "async-lock",
        "kleur",
        "lib0",
        "uuid",
        "ws",
        "y-protocols",
        "yjs"
      ]
    },
    "@hono/zod-validator@0.4.3_hono@4.9.0_zod@3.24.4": {
      "integrity": "sha512-xIgMYXDyJ4Hj6ekm9T9Y27s080Nl9NXHcJkOvkXPhubOLj8hZkOL8pDnnXfvCf5xEE8Q4oMFenQUZZREUY2gqQ==",
      "dependencies": [
        "hono",
        "zod"
      ]
    },
    "@jsdevtools/ono@7.1.3": {
      "integrity": "sha512-4JQNk+3mVzK3xh2rqd6RB4J46qUR19azEHBneZyTZM+c456qOrbbM/5xcR8huNCCcbVt7+UmizG6GuUvPvKUYg=="
    },
    "@napi-rs/wasm-runtime@0.2.12": {
      "integrity": "sha512-ZVWUcfwY4E/yPitQJl481FjFo3K22D6qF0DuFH6Y/nbnE11GY5uguDxZMGXPQ8WQ0128MXQD7TnfHyK4oWoIJQ==",
      "dependencies": [
        "@emnapi/core",
        "@emnapi/runtime",
        "@tybys/wasm-util"
      ]
    },
    "@node-rs/argon2-android-arm-eabi@1.8.3": {
      "integrity": "sha512-JFZPlNM0A8Og+Tncb8UZsQrhEMlbHBXPsT3hRoKImzVmTmq28Os0ucFWow0AACp2coLHBSydXH3Dh0lZup3rWw==",
      "os": ["android"],
      "cpu": ["arm"]
    },
    "@node-rs/argon2-android-arm64@1.8.3": {
      "integrity": "sha512-zaf8P3T92caeW2xnMA7P1QvRA4pIt/04oilYP44XlTCtMye//vwXDMeK53sl7dvYiJKnzAWDRx41k8vZvpZazg==",
      "os": ["android"],
      "cpu": ["arm64"]
    },
    "@node-rs/argon2-darwin-arm64@1.8.3": {
      "integrity": "sha512-DV/IbmLGdNXBtXb5o2UI5ba6kvqXqPAJgmMOTUCuHeBSp992GlLHdfU4rzGu0dNrxudBnunNZv+crd0YdEQSUA==",
      "os": ["darwin"],
      "cpu": ["arm64"]
    },
    "@node-rs/argon2-darwin-x64@1.8.3": {
      "integrity": "sha512-YMjmBGFZhLfYjfQ2gll9A+BZu/zAMV7lWZIbKxb7ZgEofILQwuGmExjDtY3Jplido/6leCEdpmlk2oIsME00LA==",
      "os": ["darwin"],
      "cpu": ["x64"]
    },
    "@node-rs/argon2-freebsd-x64@1.8.3": {
      "integrity": "sha512-Hq3Rj5Yb2RolTG/luRPnv+XiGCbi5nAK25Pc8ou/tVapwX+iktEm/NXbxc5zsMxraYVkCvfdwBjweC5O+KqCGw==",
      "os": ["freebsd"],
      "cpu": ["x64"]
    },
    "@node-rs/argon2-linux-arm-gnueabihf@1.8.3": {
      "integrity": "sha512-x49l8RgzKoG0/V0IXa5rrEl1TcJEc936ctlYFvqcunSOyowZ6kiWtrp1qrbOR8gbaNILl11KTF52vF6+h8UlEQ==",
      "os": ["linux"],
      "cpu": ["arm"]
    },
    "@node-rs/argon2-linux-arm64-gnu@1.8.3": {
      "integrity": "sha512-gJesam/qA63reGkb9qJ2TjFSLBtY41zQh2oei7nfnYsmVQPuHHWItJxEa1Bm21SPW53gZex4jFJbDIgj0+PxIw==",
      "os": ["linux"],
      "cpu": ["arm64"]
    },
    "@node-rs/argon2-linux-arm64-musl@1.8.3": {
      "integrity": "sha512-7O6kQdSKzB4Tjx/EBa8zKIxnmLkQE8VdJgPm6Ksrpn+ueo0mx2xf76fIDnbbTCtm3UbB+y+FkTo2wLA7tOqIKg==",
      "os": ["linux"],
      "cpu": ["arm64"]
    },
    "@node-rs/argon2-linux-x64-gnu@1.8.3": {
      "integrity": "sha512-OBH+EFG7BGjFyldaao2H2gSCLmjtrrwf420B1L+lFn7JLW9UAjsIPFKAcWsYwPa/PwYzIge9Y7SGcpqlsSEX0w==",
      "os": ["linux"],
      "cpu": ["x64"]
    },
    "@node-rs/argon2-linux-x64-musl@1.8.3": {
      "integrity": "sha512-bDbMuyekIxZaN7NaX+gHVkOyABB8bcMEJYeRPW1vCXKHj3brJns1wiUFSxqeUXreupifNVJlQfPt1Y5B/vFXgQ==",
      "os": ["linux"],
      "cpu": ["x64"]
    },
    "@node-rs/argon2-wasm32-wasi@1.8.3": {
      "integrity": "sha512-NBf2cMCDbNKMzp13Pog8ZPmI0M9U4Ak5b95EUjkp17kdKZFds12dwW67EMnj7Zy+pRqby2QLECaWebDYfNENTg==",
      "dependencies": [
        "@napi-rs/wasm-runtime"
      ],
      "cpu": ["wasm32"]
    },
    "@node-rs/argon2-win32-arm64-msvc@1.8.3": {
      "integrity": "sha512-AHpPo7UbdW5WWjwreVpgFSY0o1RY4A7cUFaqDXZB2OqEuyrhMxBdZct9PX7PQKI18D85pLsODnR+gvVuTwJ6rQ==",
      "os": ["win32"],
      "cpu": ["arm64"]
    },
    "@node-rs/argon2-win32-ia32-msvc@1.8.3": {
      "integrity": "sha512-bqzn2rcQkEwCINefhm69ttBVVkgHJb/V03DdBKsPFtiX6H47axXKz62d1imi26zFXhOEYxhKbu3js03GobJOLw==",
      "os": ["win32"],
      "cpu": ["ia32"]
    },
    "@node-rs/argon2-win32-x64-msvc@1.8.3": {
      "integrity": "sha512-ILlrRThdbp5xNR5gwYM2ic1n/vG5rJ8dQZ+YMRqksl+lnTJ/6FDe5BOyIhiPtiDwlCiCtUA+1NxpDB9KlUCAIA==",
      "os": ["win32"],
      "cpu": ["x64"]
    },
    "@oslojs/asn1@1.0.0": {
      "integrity": "sha512-zw/wn0sj0j0QKbIXfIlnEcTviaCzYOY3V5rAyjR6YtOByFtJiT574+8p9Wlach0lZH9fddD4yb9laEAIl4vXQA==",
      "dependencies": [
        "@oslojs/binary"
      ]
    },
    "@oslojs/binary@1.0.0": {
      "integrity": "sha512-9RCU6OwXU6p67H4NODbuxv2S3eenuQ4/WFLrsq+K/k682xrznH5EVWA7N4VFk9VYVcbFtKqur5YQQZc0ySGhsQ=="
    },
    "@oslojs/crypto@1.0.1": {
      "integrity": "sha512-7n08G8nWjAr/Yu3vu9zzrd0L9XnrJfpMioQcvCMxBIiF5orECHe5/3J0jmXRVvgfqMm/+4oxlQ+Sq39COYLcNQ==",
      "dependencies": [
        "@oslojs/asn1",
        "@oslojs/binary"
      ]
    },
    "@oslojs/encoding@1.1.0": {
      "integrity": "sha512-70wQhgYmndg4GCPxPPxPGevRKqTIJ2Nh4OkiMWmDAVYsTQ+Ta7Sq+rPevXyXGdzr30/qZBnyOalCszoMxlyldQ=="
    },
    "@tybys/wasm-util@0.10.0": {
      "integrity": "sha512-VyyPYFlOMNylG45GoAe0xDoLwWuowvf92F9kySqzYh8vmYm7D2u4iUJKa1tOUpS70Ku13ASrOkS4ScXFsTaCNQ==",
      "dependencies": [
        "tslib"
      ]
    },
    "@types/json-schema@7.0.15": {
      "integrity": "sha512-5+fP8P8MFNC+AyZCDxrB2pkZFPGzqQWUzpSeuuVLvm8VMcorNYavBqoFcxK8bQz4Qsbn4oUEEem4wDLfcysGHA=="
    },
    "@ucast/core@1.10.2": {
      "integrity": "sha512-ons5CwXZ/51wrUPfoduC+cO7AS1/wRb0ybpQJ9RrssossDxVy4t49QxWoWgfBDvVKsz9VXzBk9z0wqTdZ+Cq8g=="
    },
    "@ucast/js@3.0.4": {
      "integrity": "sha512-TgG1aIaCMdcaEyckOZKQozn1hazE0w90SVdlpIJ/er8xVumE11gYAtSbw/LBeUnA4fFnFWTcw3t6reqseeH/4Q==",
      "dependencies": [
        "@ucast/core"
      ]
    },
    "@ucast/mongo2js@1.4.0": {
      "integrity": "sha512-vR9RJ3BHlkI3RfKJIZFdVktxWvBCQRiSTeJSWN9NPxP5YJkpfXvcBWAMLwvyJx4HbB+qib5/AlSDEmQiuQyx2w==",
      "dependencies": [
        "@ucast/core",
        "@ucast/js",
        "@ucast/mongo"
      ]
    },
    "@ucast/mongo@2.4.3": {
      "integrity": "sha512-XcI8LclrHWP83H+7H2anGCEeDq0n+12FU2mXCTz6/Tva9/9ddK/iacvvhCyW6cijAAOILmt0tWplRyRhVyZLsA==",
      "dependencies": [
        "@ucast/core"
      ]
    },
    "argparse@2.0.1": {
      "integrity": "sha512-8+9WqebbFzpX9OR+Wa6O29asIogeRMzcGtAINdpMHHyAg10f05aSFVBbcEqGf/PXw1EjAZ+q2/bEBg3DvurK3Q=="
    },
    "async-lock@1.4.1": {
      "integrity": "sha512-Az2ZTpuytrtqENulXwO3GGv1Bztugx6TT37NIo7imr/Qo0gsYiGtSdBa2B6fsXhTpVZDNfu1Qn3pk531e3q+nQ=="
    },
    "clone@2.1.2": {
      "integrity": "sha512-3Pe/CF1Nn94hyhIYpjtiLhdCoEoz0DqQ+988E9gmeEdQZlojxnOb74wctFyuwWQHzqyf9X7C7MG8juUpqBJT8w=="
    },
    "hono-openapi@0.4.8_@hono+zod-validator@0.4.3__hono@4.9.0__zod@3.24.4_hono@4.9.0_openapi-types@12.1.3_zod@3.24.4_zod-openapi@4.2.4__zod@3.24.4": {
      "integrity": "sha512-LYr5xdtD49M7hEAduV1PftOMzuT8ZNvkyWfh1DThkLsIr4RkvDb12UxgIiFbwrJB6FLtFXLoOZL9x4IeDk2+VA==",
      "dependencies": [
        "@hono/zod-validator",
        "hono",
        "json-schema-walker",
        "openapi-types",
        "zod",
        "zod-openapi"
      ],
      "optionalPeers": [
        "@hono/zod-validator",
        "hono",
        "zod",
        "zod-openapi"
      ]
    },
    "hono@4.9.0": {
      "integrity": "sha512-JAUc4Sqi3lhby2imRL/67LMcJFKiCu7ZKghM7iwvltVZzxEC5bVJCsAa4NTnSfmWGb+N2eOVtFE586R+K3fejA=="
    },
    "isomorphic.js@0.2.5": {
      "integrity": "sha512-PIeMbHqMt4DnUP3MA/Flc0HElYjMXArsw1qwJZcm9sqR8mq3l8NYizFMty0pWwE/tzIGH3EKK5+jes5mAr85yw=="
    },
    "js-yaml@4.1.0": {
      "integrity": "sha512-wpxZs9NoxZaJESJGIZTyDEaYpl0FKSA+FB9aJiyemKhMwkxQg63h4T1KJgUGHpTqPDNRcmmYLugrRjJlBtWvRA==",
      "dependencies": [
        "argparse"
      ],
      "bin": true
    },
    "json-schema-walker@2.0.0": {
      "integrity": "sha512-nXN2cMky0Iw7Af28w061hmxaPDaML5/bQD9nwm1lOoIKEGjHcRGxqWe4MfrkYThYAPjSUhmsp4bJNoLAyVn9Xw==",
      "dependencies": [
        "@apidevtools/json-schema-ref-parser",
        "clone"
      ]
    },
    "kleur@4.1.5": {
      "integrity": "sha512-o+NO+8WrRiQEE4/7nwRJhN1HWpVmJm511pBHUxPLtp0BUISzlBplORYSmTclCnJvQq2tKu/sgl3xVpkc7ZWuQQ=="
    },
    "lib0@0.2.114": {
      "integrity": "sha512-gcxmNFzA4hv8UYi8j43uPlQ7CGcyMJ2KQb5kZASw6SnAKAf10hK12i2fjrS3Cl/ugZa5Ui6WwIu1/6MIXiHttQ==",
      "dependencies": [
        "isomorphic.js"
      ],
      "bin": true
    },
    "lucia@3.2.2": {
      "integrity": "sha512-P1FlFBGCMPMXu+EGdVD9W4Mjm0DqsusmKgO7Xc33mI5X1bklmsQb0hfzPhXomQr9waWIBDsiOjvr1e6BTaUqpA==",
      "dependencies": [
        "@oslojs/crypto",
        "@oslojs/encoding"
      ],
      "deprecated": true
    },
    "openapi-types@12.1.3": {
      "integrity": "sha512-N4YtSYJqghVu4iek2ZUvcN/0aqH1kRDuNqzcycDxhOUpg7GdvLa2F3DgS6yBNhInhv2r/6I0Flkn7CqL8+nIcw=="
    },
    "pg-cloudflare@1.2.7": {
      "integrity": "sha512-YgCtzMH0ptvZJslLM1ffsY4EuGaU0cx4XSdXLRFae8bPP4dS5xL1tNB3k2o/N64cHJpwU7dxKli/nZ2lUa5fLg=="
    },
    "pg-connection-string@2.9.1": {
      "integrity": "sha512-nkc6NpDcvPVpZXxrreI/FOtX3XemeLl8E0qFr6F2Lrm/I8WOnaWNhIPK2Z7OHpw7gh5XJThi6j6ppgNoaT1w4w=="
    },
    "pg-int8@1.0.1": {
      "integrity": "sha512-WCtabS6t3c8SkpDBUlb1kjOs7l66xsGdKpIPZsg4wR+B3+u9UAum2odSsF9tnvxg80h4ZxLWMy4pRjOsFIqQpw=="
    },
    "pg-pool@3.10.1_pg@8.16.3": {
      "integrity": "sha512-Tu8jMlcX+9d8+QVzKIvM/uJtp07PKr82IUOYEphaWcoBhIYkoHpLXN3qO59nAI11ripznDsEzEv8nUxBVWajGg==",
      "dependencies": [
        "pg"
      ]
    },
    "pg-protocol@1.10.3": {
      "integrity": "sha512-6DIBgBQaTKDJyxnXaLiLR8wBpQQcGWuAESkRBX/t6OwA8YsqP+iVSiond2EDy6Y/dsGk8rh/jtax3js5NeV7JQ=="
    },
    "pg-types@2.2.0": {
      "integrity": "sha512-qTAAlrEsl8s4OiEQY69wDvcMIdQN6wdz5ojQiOy6YRMuynxenON0O5oCpJI6lshc6scgAY8qvJ2On/p+CXY0GA==",
      "dependencies": [
        "pg-int8",
        "postgres-array",
        "postgres-bytea",
        "postgres-date",
        "postgres-interval"
      ]
    },
    "pg@8.16.3": {
      "integrity": "sha512-enxc1h0jA/aq5oSDMvqyW3q89ra6XIIDZgCX9vkMrnz5DFTw/Ny3Li2lFQ+pt3L6MCgm/5o2o8HW9hiJji+xvw==",
      "dependencies": [
        "pg-connection-string",
        "pg-pool",
        "pg-protocol",
        "pg-types",
        "pgpass"
      ],
      "optionalDependencies": [
        "pg-cloudflare"
      ]
    },
    "pgpass@1.0.5": {
      "integrity": "sha512-FdW9r/jQZhSeohs1Z3sI1yxFQNFvMcnmfuj4WBMUTxOrAyLMaTcE1aAMBiTlbMNaXvBCQuVi0R7hd8udDSP7ug==",
      "dependencies": [
        "split2"
      ]
    },
    "postgres-array@2.0.0": {
      "integrity": "sha512-VpZrUqU5A69eQyW2c5CA1jtLecCsN2U/bD6VilrFDWq5+5UIEVO7nazS3TEcHf1zuPYO/sqGvUvW62g86RXZuA=="
    },
    "postgres-bytea@1.0.0": {
      "integrity": "sha512-xy3pmLuQqRBZBXDULy7KbaitYqLcmxigw14Q5sj8QBVLqEwXfeybIKVWiqAXTlcvdvb0+xkOtDbfQMOf4lST1w=="
    },
    "postgres-date@1.0.7": {
      "integrity": "sha512-suDmjLVQg78nMK2UZ454hAG+OAW+HQPZ6n++TNDUX+L0+uUlLywnoxJKDou51Zm+zTCjrCl0Nq6J9C5hP9vK/Q=="
    },
    "postgres-interval@1.2.0": {
      "integrity": "sha512-9ZhXKM/rw350N1ovuWHbGxnGh/SNJ4cnxHiM0rxE4VN41wsg8P8zWn9hv/buK00RP4WvlOyr/RBDiptyxVbkZQ==",
      "dependencies": [
        "xtend"
      ]
    },
    "split2@4.2.0": {
      "integrity": "sha512-UcjcJOWknrNkF6PLX83qcHM6KHgVKNkV62Y8a5uYDVv9ydGQVwAHMKqHdJje1VTWpljG0WYpCDhrCdAOYH4TWg=="
    },
    "tslib@2.8.1": {
      "integrity": "sha512-oJFu94HQb+KVduSUQL7wnpmqnfmLsOA/nAh6b6EH0wCEoK0/mPeXU6c3wKDV83MkOuHPRHtSXKKU99IBazS/2w=="
    },
    "uuid@11.1.0": {
      "integrity": "sha512-0/A9rDy9P7cJ+8w1c9WD9V//9Wj15Ce2MPz8Ri6032usz+NfePxx5AcN3bN+r6ZL6jEo066/yNYB3tn4pQEx+A==",
      "bin": true
    },
    "ws@8.18.3": {
      "integrity": "sha512-PEIGCY5tSlUt50cqyMXfCzX+oOPqN0vuGqWzbcJ2xvnkzkq46oOpz7dQaTDBdfICb4N14+GARUDw2XV2N4tvzg=="
    },
    "xtend@4.0.2": {
      "integrity": "sha512-LKYU1iAXJXUgAXn9URjiu+MWhyUXHsvfp7mcuYm9dSUKK0/CjtrUwFAxD82/mCWbtLsGjFIad0wIsod4zrTAEQ=="
    },
    "y-protocols@1.0.6_yjs@13.6.27": {
      "integrity": "sha512-vHRF2L6iT3rwj1jub/K5tYcTT/mEYDUppgNPXwp8fmLpui9f7Yeq3OEtTLVF012j39QnV+KEQpNqoN7CWU7Y9Q==",
      "dependencies": [
        "lib0",
        "yjs"
      ]
    },
    "yjs@13.6.27": {
      "integrity": "sha512-OIDwaflOaq4wC6YlPBy2L6ceKeKuF7DeTxx+jPzv1FHn9tCZ0ZwSRnUBxD05E3yed46fv/FWJbvR+Ud7x0L7zw==",
      "dependencies": [
        "lib0"
      ]
    },
    "zod-openapi@4.2.4_zod@3.24.4": {
      "integrity": "sha512-tsrQpbpqFCXqVXUzi3TPwFhuMtLN3oNZobOtYnK6/5VkXsNdnIgyNr4r8no4wmYluaxzN3F7iS+8xCW8BmMQ8g==",
      "dependencies": [
        "zod"
      ]
    },
    "zod@3.24.4": {
      "integrity": "sha512-OdqJE9UDRPwWsrHjLN2F8bPxvwJBK22EHLWtanu0LSYr5YqzsaaW3RMgmjwr8Rypg5k+meEJdSPXJZXE/yqOMg=="
    }
  },
  "remote": {
    "https://deno.land/std@0.208.0/assert/_constants.ts": "8a9da298c26750b28b326b297316cdde860bc237533b07e1337c021379e6b2a9",
    "https://deno.land/std@0.208.0/assert/_diff.ts": "58e1461cc61d8eb1eacbf2a010932bf6a05b79344b02ca38095f9b805795dc48",
    "https://deno.land/std@0.208.0/assert/_format.ts": "a69126e8a469009adf4cf2a50af889aca364c349797e63174884a52ff75cf4c7",
    "https://deno.land/std@0.208.0/assert/assert.ts": "9a97dad6d98c238938e7540736b826440ad8c1c1e54430ca4c4e623e585607ee",
    "https://deno.land/std@0.208.0/assert/assert_almost_equals.ts": "e15ca1f34d0d5e0afae63b3f5d975cbd18335a132e42b0c747d282f62ad2cd6c",
    "https://deno.land/std@0.208.0/assert/assert_array_includes.ts": "6856d7f2c3544bc6e62fb4646dfefa3d1df5ff14744d1bca19f0cbaf3b0d66c9",
    "https://deno.land/std@0.208.0/assert/assert_equals.ts": "d8ec8a22447fbaf2fc9d7c3ed2e66790fdb74beae3e482855d75782218d68227",
    "https://deno.land/std@0.208.0/assert/assert_exists.ts": "407cb6b9fb23a835cd8d5ad804e2e2edbbbf3870e322d53f79e1c7a512e2efd7",
    "https://deno.land/std@0.208.0/assert/assert_false.ts": "0ccbcaae910f52c857192ff16ea08bda40fdc79de80846c206bfc061e8c851c6",
    "https://deno.land/std@0.208.0/assert/assert_greater.ts": "ae2158a2d19313bf675bf7251d31c6dc52973edb12ac64ac8fc7064152af3e63",
    "https://deno.land/std@0.208.0/assert/assert_greater_or_equal.ts": "1439da5ebbe20855446cac50097ac78b9742abe8e9a43e7de1ce1426d556e89c",
    "https://deno.land/std@0.208.0/assert/assert_instance_of.ts": "3aedb3d8186e120812d2b3a5dea66a6e42bf8c57a8bd927645770bd21eea554c",
    "https://deno.land/std@0.208.0/assert/assert_is_error.ts": "c21113094a51a296ffaf036767d616a78a2ae5f9f7bbd464cd0197476498b94b",
    "https://deno.land/std@0.208.0/assert/assert_less.ts": "aec695db57db42ec3e2b62e97e1e93db0063f5a6ec133326cc290ff4b71b47e4",
    "https://deno.land/std@0.208.0/assert/assert_less_or_equal.ts": "5fa8b6a3ffa20fd0a05032fe7257bf985d207b85685fdbcd23651b70f928c848",
    "https://deno.land/std@0.208.0/assert/assert_match.ts": "c4083f80600bc190309903c95e397a7c9257ff8b5ae5c7ef91e834704e672e9b",
    "https://deno.land/std@0.208.0/assert/assert_not_equals.ts": "9f1acab95bd1f5fc9a1b17b8027d894509a745d91bac1718fdab51dc76831754",
    "https://deno.land/std@0.208.0/assert/assert_not_instance_of.ts": "0c14d3dfd9ab7a5276ed8ed0b18c703d79a3d106102077ec437bfe7ed912bd22",
    "https://deno.land/std@0.208.0/assert/assert_not_match.ts": "3796a5b0c57a1ce6c1c57883dd4286be13a26f715ea662318ab43a8491a13ab0",
    "https://deno.land/std@0.208.0/assert/assert_not_strict_equals.ts": "4cdef83df17488df555c8aac1f7f5ec2b84ad161b6d0645ccdbcc17654e80c99",
    "https://deno.land/std@0.208.0/assert/assert_object_match.ts": "d8fc2867cfd92eeacf9cea621e10336b666de1874a6767b5ec48988838370b54",
    "https://deno.land/std@0.208.0/assert/assert_rejects.ts": "45c59724de2701e3b1f67c391d6c71c392363635aad3f68a1b3408f9efca0057",
    "https://deno.land/std@0.208.0/assert/assert_strict_equals.ts": "b1f538a7ea5f8348aeca261d4f9ca603127c665e0f2bbfeb91fa272787c87265",
    "https://deno.land/std@0.208.0/assert/assert_string_includes.ts": "b821d39ebf5cb0200a348863c86d8c4c4b398e02012ce74ad15666fc4b631b0c",
    "https://deno.land/std@0.208.0/assert/assert_throws.ts": "63784e951475cb7bdfd59878cd25a0931e18f6dc32a6077c454b2cd94f4f4bcd",
    "https://deno.land/std@0.208.0/assert/assertion_error.ts": "4d0bde9b374dfbcbe8ac23f54f567b77024fb67dbb1906a852d67fe050d42f56",
    "https://deno.land/std@0.208.0/assert/equal.ts": "9f1a46d5993966d2596c44e5858eec821859b45f783a5ee2f7a695dfc12d8ece",
    "https://deno.land/std@0.208.0/assert/fail.ts": "c36353d7ae6e1f7933d45f8ea51e358c8c4b67d7e7502028598fe1fea062e278",
    "https://deno.land/std@0.208.0/assert/mod.ts": "37c49a26aae2b254bbe25723434dc28cd7532e444cf0b481a97c045d110ec085",
    "https://deno.land/std@0.208.0/assert/unimplemented.ts": "d56fbeecb1f108331a380f72e3e010a1f161baa6956fd0f7cf3e095ae1a4c75a",
    "https://deno.land/std@0.208.0/assert/unreachable.ts": "4600dc0baf7d9c15a7f7d234f00c23bca8f3eba8b140286aaca7aa998cf9a536",
    "https://deno.land/std@0.208.0/fmt/colors.ts": "34b3f77432925eb72cf0bfb351616949746768620b8e5ead66da532f93d10ba2",
    "https://deno.land/x/bcrypt@v0.4.1/mod.ts": "ff09bdae282583cf5f7d87efe37ddcecef7f14f6d12e8b8066a3058db8c6c2f7",
    "https://deno.land/x/bcrypt@v0.4.1/src/bcrypt/base64.ts": "b8266450a4f1eb6960f60f2f7986afc4dde6b45bd2d7ee7ba10789e67e17b9f7",
    "https://deno.land/x/bcrypt@v0.4.1/src/bcrypt/bcrypt.ts": "ec221648cc6453ea5e3803bc817c01157dada06aa6f7a0ba6b9f87aae32b21e2",
    "https://deno.land/x/bcrypt@v0.4.1/src/main.ts": "08d201b289c8d9c46f8839c69cd6625b213863db29775c7a200afc3b540e64f8"
  },
  "workspace": {
    "dependencies": [
      "jsr:@logtape/logtape@~0.7.2",
      "npm:@casl/ability@^6.7.1",
      "npm:@hocuspocus/server@^2.15.2",
      "npm:@hono/zod-validator@0.4",
      "npm:hono-openapi@~0.4.8",
      "npm:hono@^4.7.2",
      "npm:lucia@^3.2.1",
      "npm:pg@^8.11.3",
      "npm:y-protocols@^1.0.6",
      "npm:yjs@^13.6.23",
      "npm:zod-openapi@4",
      "npm:zod@^3.22.4"
    ]
  }
}
